
Microsoft Visual Studio Solution File, Format Version 12.00
# Visual Studio Version 16
VisualStudioVersion = 16.0.31515.178
MinimumVisualStudioVersion = 10.0.40219.1
Project("{9A19103F-16F7-4668-BE54-9A1E7A4F7556}") = "RoomCalculator", "RoomCalculator\RoomCalculator.csproj", "{BABD0B0D-0D7B-430E-A7D3-ABEC4C159395}"
EndProject
Project("{2150E333-8FDC-42A3-9474-1A3956D46DE8}") = "Solution Items", "Solution Items", "{06ED7D39-1187-4BE4-B6E8-71BFF410CA47}"
	ProjectSection(SolutionItems) = preProject
		.gitignore = .gitignore
	EndProjectSection
EndProject
Project("{9A19103F-16F7-4668-BE54-9A1E7A4F7556}") = "ExpressionDemo", "ExpressionDemo\ExpressionDemo.csproj", "{D6E8D902-D0AD-467B-86F7-B0CFA4E87AB8}"
EndProject
Project("{9A19103F-16F7-4668-BE54-9A1E7A4F7556}") = "IfElseDemo", "IfElseDemo\IfElseDemo.csproj", "{93783994-1E20-4ABF-B1D4-49C8CEA372D9}"
EndProject
Project("{9A19103F-16F7-4668-BE54-9A1E7A4F7556}") = "LoopDemo", "LoopDemo\LoopDemo.csproj", "{D36C2AFF-F4B5-449F-BBFD-DEEA2D885459}"
EndProject
Project("{9A19103F-16F7-4668-BE54-9A1E7A4F7556}") = "Lab2NumberAnalyzer", "Lab2NumberAnalyzer\Lab2NumberAnalyzer.csproj", "{431BDACC-6073-4B09-9EDD-FBBB5E909999}"
EndProject
Project("{9A19103F-16F7-4668-BE54-9A1E7A4F7556}") = "NestingNumberAnalyzer", "NestingNumberAnalyzer\NestingNumberAnalyzer.csproj", "{B49D0400-9BBA-42D1-99E7-4C73A50DBC16}"
EndProject
Project("{FAE04EC0-301F-11D3-BF4B-00C04F79EFBC}") = "LoopDemo2", "LoopDemo2\LoopDemo2.csproj", "{40423A97-CA00-4EDE-B7CE-9BEBF0EF489F}"
EndProject
Project("{FAE04EC0-301F-11D3-BF4B-00C04F79EFBC}") = "MethodDemo", "MethodDemo\MethodDemo.csproj", "{C10D7A03-6C80-40E2-B6E9-15C5046EBC18}"
EndProject
Project("{FAE04EC0-301F-11D3-BF4B-00C04F79EFBC}") = "NumAnalyzer2", "NumAnalyzer2\NumAnalyzer2.csproj", "{42826547-D15F-421C-B2BA-AA1A24CFAA4B}"
EndProject
Project("{FAE04EC0-301F-11D3-BF4B-00C04F79EFBC}") = "PowersTable", "PowersTable\PowersTable.csproj", "{6A432C18-0704-44FB-AC7B-CD81C4EDA1D4}"
EndProject
Global
	GlobalSection(SolutionConfigurationPlatforms) = preSolution
		Debug|Any CPU = Debug|Any CPU
		Release|Any CPU = Release|Any CPU
	EndGlobalSection
	GlobalSection(ProjectConfigurationPlatforms) = postSolution
		{BABD0B0D-0D7B-430E-A7D3-ABEC4C159395}.Debug|Any CPU.ActiveCfg = Debug|Any CPU
		{BABD0B0D-0D7B-430E-A7D3-ABEC4C159395}.Debug|Any CPU.Build.0 = Debug|Any CPU
		{BABD0B0D-0D7B-430E-A7D3-ABEC4C159395}.Release|Any CPU.ActiveCfg = Release|Any CPU
		{BABD0B0D-0D7B-430E-A7D3-ABEC4C159395}.Release|Any CPU.Build.0 = Release|Any CPU
		{D6E8D902-D0AD-467B-86F7-B0CFA4E87AB8}.Debug|Any CPU.ActiveCfg = Debug|Any CPU
		{D6E8D902-D0AD-467B-86F7-B0CFA4E87AB8}.Debug|Any CPU.Build.0 = Debug|Any CPU
		{D6E8D902-D0AD-467B-86F7-B0CFA4E87AB8}.Release|Any CPU.ActiveCfg = Release|Any CPU
		{D6E8D902-D0AD-467B-86F7-B0CFA4E87AB8}.Release|Any CPU.Build.0 = Release|Any CPU
		{93783994-1E20-4ABF-B1D4-49C8CEA372D9}.Debug|Any CPU.ActiveCfg = Debug|Any CPU
		{93783994-1E20-4ABF-B1D4-49C8CEA372D9}.Debug|Any CPU.Build.0 = Debug|Any CPU
		{93783994-1E20-4ABF-B1D4-49C8CEA372D9}.Release|Any CPU.ActiveCfg = Release|Any CPU
		{93783994-1E20-4ABF-B1D4-49C8CEA372D9}.Release|Any CPU.Build.0 = Release|Any CPU
		{D36C2AFF-F4B5-449F-BBFD-DEEA2D885459}.Debug|Any CPU.ActiveCfg = Debug|Any CPU
		{D36C2AFF-F4B5-449F-BBFD-DEEA2D885459}.Debug|Any CPU.Build.0 = Debug|Any CPU
		{D36C2AFF-F4B5-449F-BBFD-DEEA2D885459}.Release|Any CPU.ActiveCfg = Release|Any CPU
		{D36C2AFF-F4B5-449F-BBFD-DEEA2D885459}.Release|Any CPU.Build.0 = Release|Any CPU
		{431BDACC-6073-4B09-9EDD-FBBB5E909999}.Debug|Any CPU.ActiveCfg = Debug|Any CPU
		{431BDACC-6073-4B09-9EDD-FBBB5E909999}.Debug|Any CPU.Build.0 = Debug|Any CPU
		{431BDACC-6073-4B09-9EDD-FBBB5E909999}.Release|Any CPU.ActiveCfg = Release|Any CPU
		{431BDACC-6073-4B09-9EDD-FBBB5E909999}.Release|Any CPU.Build.0 = Release|Any CPU
		{B49D0400-9BBA-42D1-99E7-4C73A50DBC16}.Debug|Any CPU.ActiveCfg = Debug|Any CPU
		{B49D0400-9BBA-42D1-99E7-4C73A50DBC16}.Debug|Any CPU.Build.0 = Debug|Any CPU
		{B49D0400-9BBA-42D1-99E7-4C73A50DBC16}.Release|Any CPU.ActiveCfg = Release|Any CPU
		{B49D0400-9BBA-42D1-99E7-4C73A50DBC16}.Release|Any CPU.Build.0 = Release|Any CPU
		{40423A97-CA00-4EDE-B7CE-9BEBF0EF489F}.Debug|Any CPU.ActiveCfg = Debug|Any CPU
		{40423A97-CA00-4EDE-B7CE-9BEBF0EF489F}.Debug|Any CPU.Build.0 = Debug|Any CPU
		{40423A97-CA00-4EDE-B7CE-9BEBF0EF489F}.Release|Any CPU.ActiveCfg = Release|Any CPU
		{40423A97-CA00-4EDE-B7CE-9BEBF0EF489F}.Release|Any CPU.Build.0 = Release|Any CPU
		{C10D7A03-6C80-40E2-B6E9-15C5046EBC18}.Debug|Any CPU.ActiveCfg = Debug|Any CPU
		{C10D7A03-6C80-40E2-B6E9-15C5046EBC18}.Debug|Any CPU.Build.0 = Debug|Any CPU
		{C10D7A03-6C80-40E2-B6E9-15C5046EBC18}.Release|Any CPU.ActiveCfg = Release|Any CPU
		{C10D7A03-6C80-40E2-B6E9-15C5046EBC18}.Release|Any CPU.Build.0 = Release|Any CPU
		{42826547-D15F-421C-B2BA-AA1A24CFAA4B}.Debug|Any CPU.ActiveCfg = Debug|Any CPU
		{42826547-D15F-421C-B2BA-AA1A24CFAA4B}.Debug|Any CPU.Build.0 = Debug|Any CPU
		{42826547-D15F-421C-B2BA-AA1A24CFAA4B}.Release|Any CPU.ActiveCfg = Release|Any CPU
		{42826547-D15F-421C-B2BA-AA1A24CFAA4B}.Release|Any CPU.Build.0 = Release|Any CPU
		{6A432C18-0704-44FB-AC7B-CD81C4EDA1D4}.Debug|Any CPU.ActiveCfg = Debug|Any CPU
		{6A432C18-0704-44FB-AC7B-CD81C4EDA1D4}.Debug|Any CPU.Build.0 = Debug|Any CPU
		{6A432C18-0704-44FB-AC7B-CD81C4EDA1D4}.Release|Any CPU.ActiveCfg = Release|Any CPU
		{6A432C18-0704-44FB-AC7B-CD81C4EDA1D4}.Release|Any CPU.Build.0 = Release|Any CPU
	EndGlobalSection
	GlobalSection(SolutionProperties) = preSolution
		HideSolutionNode = FALSE
	EndGlobalSection
	GlobalSection(ExtensibilityGlobals) = postSolution
		SolutionGuid = {1FCC9D57-A232-4BF2-B206-7D5129FBE650}
	EndGlobalSection
EndGlobal
